
Microsoft Visual Studio Solution File, Format Version 12.00
# Visual Studio Version 16
VisualStudioVersion = 16.0.32602.291
MinimumVisualStudioVersion = 10.0.40219.1
Project("{FAE04EC0-301F-11D3-BF4B-00C04F79EFBC}") = "samplemvc", "samplemvc\samplemvc.csproj", "{BA67D2E0-21F3-442F-8E03-50780EE0D785}"
EndProject
Global
	GlobalSection(SolutionConfigurationPlatforms) = preSolution
		Debug|Any CPU = Debug|Any CPU
		Release|Any CPU = Release|Any CPU
	EndGlobalSection
	GlobalSection(ProjectConfigurationPlatforms) = postSolution
		{BA67D2E0-21F3-442F-8E03-50780EE0D785}.Debug|Any CPU.ActiveCfg = Debug|Any CPU
		{BA67D2E0-21F3-442F-8E03-50780EE0D785}.Debug|Any CPU.Build.0 = Debug|Any CPU
		{BA67D2E0-21F3-442F-8E03-50780EE0D785}.Release|Any CPU.ActiveCfg = Release|Any CPU
		{BA67D2E0-21F3-442F-8E03-50780EE0D785}.Release|Any CPU.Build.0 = Release|Any CPU
	EndGlobalSection
	GlobalSection(SolutionProperties) = preSolution
		HideSolutionNode = FALSE
	EndGlobalSection
	GlobalSection(ExtensibilityGlobals) = postSolution
		SolutionGuid = {942B3F26-C430-4FB1-8BA8-774E0A537F7D}
	EndGlobalSection
EndGlobal
